
Microsoft Visual Studio Solution File, Format Version 12.00
# Visual Studio Version 17
VisualStudioVersion = 17.10.35027.167
MinimumVisualStudioVersion = 10.0.40219.1
Project("{FAE04EC0-301F-11D3-BF4B-00C04F79EFBC}") = "Class_11", "Class_11\Class_11.csproj", "{76773458-9E49-4047-934E-80F765BD4ED8}"
EndProject
Global
	GlobalSection(SolutionConfigurationPlatforms) = preSolution
		Debug|Any CPU = Debug|Any CPU
		Release|Any CPU = Release|Any CPU
	EndGlobalSection
	GlobalSection(ProjectConfigurationPlatforms) = postSolution
		{76773458-9E49-4047-934E-80F765BD4ED8}.Debug|Any CPU.ActiveCfg = Debug|Any CPU
		{76773458-9E49-4047-934E-80F765BD4ED8}.Debug|Any CPU.Build.0 = Debug|Any CPU
		{76773458-9E49-4047-934E-80F765BD4ED8}.Release|Any CPU.ActiveCfg = Release|Any CPU
		{76773458-9E49-4047-934E-80F765BD4ED8}.Release|Any CPU.Build.0 = Release|Any CPU
	EndGlobalSection
	GlobalSection(SolutionProperties) = preSolution
		HideSolutionNode = FALSE
	EndGlobalSection
	GlobalSection(ExtensibilityGlobals) = postSolution
		SolutionGuid = {957F27D2-030D-45CE-B6EF-06C14DFF8BBE}
	EndGlobalSection
EndGlobal
