Microsoft Visual Studio Solution File, Format Version 12.00
# Visual Studio Version 17
VisualStudioVersion = 17.5.2.0
MinimumVisualStudioVersion = 10.0.40219.1
Project("{FAE04EC0-301F-11D3-BF4B-00C04F79EFBC}") = "Example_899271", "Example_899271.csproj", "{DD32A7D2-7837-1E3F-45E9-BBEA1B25EC46}"
EndProject
Global
	GlobalSection(SolutionConfigurationPlatforms) = preSolution
		Debug|Any CPU = Debug|Any CPU
		Release|Any CPU = Release|Any CPU
	EndGlobalSection
	GlobalSection(ProjectConfigurationPlatforms) = postSolution
		{DD32A7D2-7837-1E3F-45E9-BBEA1B25EC46}.Debug|Any CPU.ActiveCfg = Debug|Any CPU
		{DD32A7D2-7837-1E3F-45E9-BBEA1B25EC46}.Debug|Any CPU.Build.0 = Debug|Any CPU
		{DD32A7D2-7837-1E3F-45E9-BBEA1B25EC46}.Release|Any CPU.ActiveCfg = Release|Any CPU
		{DD32A7D2-7837-1E3F-45E9-BBEA1B25EC46}.Release|Any CPU.Build.0 = Release|Any CPU
	EndGlobalSection
	GlobalSection(SolutionProperties) = preSolution
		HideSolutionNode = FALSE
	EndGlobalSection
	GlobalSection(ExtensibilityGlobals) = postSolution
		SolutionGuid = {FA78838B-A35A-4B12-994E-231645E5BCD2}
	EndGlobalSection
EndGlobal
