
Microsoft Visual Studio Solution File, Format Version 12.00
# Visual Studio Version 17
VisualStudioVersion = 17.5.002.0
MinimumVisualStudioVersion = 10.0.40219.1
Project("{9A19103F-16F7-4668-BE54-9A1E7A4F7556}") = "Class_14", "Class_14\Class_14.csproj", "{B6D800C6-074F-415B-8BED-FF884AB8916A}"
EndProject
Project("{9A19103F-16F7-4668-BE54-9A1E7A4F7556}") = "Class_15", "Class_15\Class_15.csproj", "{FC0494B6-5744-4D6B-B7DF-81C16A87C5EB}"
EndProject
Global
	GlobalSection(SolutionConfigurationPlatforms) = preSolution
		Debug|Any CPU = Debug|Any CPU
		Release|Any CPU = Release|Any CPU
	EndGlobalSection
	GlobalSection(ProjectConfigurationPlatforms) = postSolution
		{B6D800C6-074F-415B-8BED-FF884AB8916A}.Debug|Any CPU.ActiveCfg = Debug|Any CPU
		{B6D800C6-074F-415B-8BED-FF884AB8916A}.Debug|Any CPU.Build.0 = Debug|Any CPU
		{B6D800C6-074F-415B-8BED-FF884AB8916A}.Release|Any CPU.ActiveCfg = Release|Any CPU
		{B6D800C6-074F-415B-8BED-FF884AB8916A}.Release|Any CPU.Build.0 = Release|Any CPU
		{FC0494B6-5744-4D6B-B7DF-81C16A87C5EB}.Debug|Any CPU.ActiveCfg = Debug|Any CPU
		{FC0494B6-5744-4D6B-B7DF-81C16A87C5EB}.Debug|Any CPU.Build.0 = Debug|Any CPU
		{FC0494B6-5744-4D6B-B7DF-81C16A87C5EB}.Release|Any CPU.ActiveCfg = Release|Any CPU
		{FC0494B6-5744-4D6B-B7DF-81C16A87C5EB}.Release|Any CPU.Build.0 = Release|Any CPU
	EndGlobalSection
	GlobalSection(SolutionProperties) = preSolution
		HideSolutionNode = FALSE
	EndGlobalSection
	GlobalSection(ExtensibilityGlobals) = postSolution
		SolutionGuid = {A32D9217-AACB-4B69-80EC-96BEEC44C800}
	EndGlobalSection
EndGlobal
